{
  "name": "@asgardeo/auth-nodejs-sdk",
  "version": "0.0.1",
  "lockfileVersion": 2,
  "requires": true,
  "packages": {
    "": {
      "name": "@asgardeo/auth-nodejs-sdk",
      "version": "0.0.1",
      "license": "ISC",
      "dependencies": {
        "base64url": "^3.0.1",
        "cross-env": "^7.0.3",
        "fast-sha256": "^1.3.0",
        "jose": "^4.3.7",
        "memory-cache": "^0.2.0",
        "secure-random-bytes": "^3.0.1",
        "uuid": "^8.3.2"
      },
      "devDependencies": {
        "@asgardeo/auth-js": "^1.0.0",
        "@types/node": "^17.0.3",
        "typescript": "^4.5.2"
      }
    },
    "../../asgardeo-auth-js-sdk/lib": {
      "name": "@asgardeo/auth-js",
      "version": "0.2.18",
      "extraneous": true,
      "license": "Apache-2.0",
      "dependencies": {
        "base64url": "^3.0.1",
        "fast-sha256": "^1.3.0",
        "jose": "^4.3.7",
        "randombytes": "^2.1.0",
        "secure-random-bytes": "^3.0.1"
      },
      "devDependencies": {
        "@babel/cli": "^7.10.5",
        "@babel/core": "^7.11.4",
        "@babel/plugin-proposal-class-properties": "^7.10.4",
        "@babel/plugin-proposal-decorators": "^7.10.5",
        "@babel/plugin-transform-modules-commonjs": "^7.6.0",
        "@babel/plugin-transform-runtime": "^7.12.1",
        "@babel/polyfill": "^7.0.0",
        "@babel/preset-env": "^7.11.0",
        "@babel/preset-typescript": "^7.10.4",
        "@babel/runtime-corejs3": "^7.11.2",
        "@rollup/plugin-babel": "^5.2.1",
        "@rollup/plugin-commonjs": "^16.0.0",
        "@rollup/plugin-eslint": "^8.0.0",
        "@rollup/plugin-json": "^4.1.0",
        "@rollup/plugin-node-resolve": "^10.0.0",
        "@rollup/plugin-replace": "^2.3.4",
        "@types/base64url": "^2.0.0",
        "@types/crypto-js": "^3.1.43",
        "@types/node": "^13.9.2",
        "@types/randombytes": "^2.0.0",
        "axios": "^0.21.0",
        "core-js": "^3.6.5",
        "cross-env": "^7.0.2",
        "crypto-js": "^3.1.9-1",
        "rimraf": "^3.0.2",
        "rollup": "^2.33.3",
        "rollup-plugin-analyzer": "^3.3.0",
        "rollup-plugin-auto-external": "^2.0.0",
        "rollup-plugin-node-globals": "^1.4.0",
        "rollup-plugin-node-polyfills": "^0.2.1",
        "rollup-plugin-terser": "^7.0.2",
        "rollup-plugin-typescript2": "^0.29.0",
        "rollup-plugin-web-worker-loader": "^1.4.0",
        "rollup-pluginutils": "^2.8.2",
        "typescript": "*"
      },
      "peerDependencies": {
        "@babel/runtime-corejs3": "^7.11.2",
        "axios": "^0.21.0"
      }
    },
    "node_modules/@asgardeo/auth-js": {
      "version": "1.0.0",
      "resolved": "https://registry.npmjs.org/@asgardeo/auth-js/-/auth-js-1.0.0.tgz",
      "integrity": "sha512-Ebln8G2H2oRJztHY3W4t3pw9hGdxTDsmtVhWJyCN2IlULv+YUG+Q5T3abjj+zfX4ik+Sh3IKsF36+mAKfg/hUQ==",
      "dev": true,
      "peerDependencies": {
        "axios": "^0.21.0"
      }
    },
    "node_modules/@types/node": {
      "version": "17.0.3",
      "resolved": "https://registry.npmjs.org/@types/node/-/node-17.0.3.tgz",
      "integrity": "sha512-bAKB1GcA28FR/D8HHQ5U4FYk7nvoZdp7TZSy9oIyQ8gpYCzpeESa3LCK2TbeocXic7GwIXCkCItJg0DttO3ZaQ==",
      "dev": true
    },
    "node_modules/axios": {
      "version": "0.21.4",
      "resolved": "https://registry.npmjs.org/axios/-/axios-0.21.4.tgz",
      "integrity": "sha512-ut5vewkiu8jjGBdqpM44XxjuCjq9LAKeHVmoVfHVzy8eHgxxq8SbAVQNovDA8mVi05kP0Ea/n/UzcSHcTJQfNg==",
      "dev": true,
      "peer": true,
      "dependencies": {
        "follow-redirects": "^1.14.0"
      }
    },
    "node_modules/base64url": {
      "version": "3.0.1",
      "resolved": "https://registry.npmjs.org/base64url/-/base64url-3.0.1.tgz",
      "integrity": "sha512-ir1UPr3dkwexU7FdV8qBBbNDRUhMmIekYMFZfi+C/sLNnRESKPl23nB9b2pltqfOQNnGzsDdId90AEtG5tCx4A==",
      "engines": {
        "node": ">=6.0.0"
      }
    },
    "node_modules/cross-env": {
      "version": "7.0.3",
      "resolved": "https://registry.npmjs.org/cross-env/-/cross-env-7.0.3.tgz",
      "integrity": "sha512-+/HKd6EgcQCJGh2PSjZuUitQBQynKor4wrFbRg4DtAgS1aWO+gU52xpH7M9ScGgXSYmAVS9bIJ8EzuaGw0oNAw==",
      "dependencies": {
        "cross-spawn": "^7.0.1"
      },
      "bin": {
        "cross-env": "src/bin/cross-env.js",
        "cross-env-shell": "src/bin/cross-env-shell.js"
      },
      "engines": {
        "node": ">=10.14",
        "npm": ">=6",
        "yarn": ">=1"
      }
    },
    "node_modules/cross-spawn": {
      "version": "7.0.3",
      "resolved": "https://registry.npmjs.org/cross-spawn/-/cross-spawn-7.0.3.tgz",
      "integrity": "sha512-iRDPJKUPVEND7dHPO8rkbOnPpyDygcDFtWjpeWNCgy8WP2rXcxXL8TskReQl6OrB2G7+UJrags1q15Fudc7G6w==",
      "dependencies": {
        "path-key": "^3.1.0",
        "shebang-command": "^2.0.0",
        "which": "^2.0.1"
      },
      "engines": {
        "node": ">= 8"
      }
    },
    "node_modules/dom-walk": {
      "version": "0.1.2",
      "resolved": "https://registry.npmjs.org/dom-walk/-/dom-walk-0.1.2.tgz",
      "integrity": "sha512-6QvTW9mrGeIegrFXdtQi9pk7O/nSK6lSdXW2eqUspN5LWD7UTji2Fqw5V2YLjBpHEoU9Xl/eUWNpDeZvoyOv2w=="
    },
    "node_modules/fast-sha256": {
      "version": "1.3.0",
      "resolved": "https://registry.npmjs.org/fast-sha256/-/fast-sha256-1.3.0.tgz",
      "integrity": "sha512-n11RGP/lrWEFI/bWdygLxhI+pVeo1ZYIVwvvPkW7azl/rOy+F3HYRZ2K5zeE9mmkhQppyv9sQFx0JM9UabnpPQ=="
    },
    "node_modules/follow-redirects": {
      "version": "1.14.6",
      "resolved": "https://registry.npmjs.org/follow-redirects/-/follow-redirects-1.14.6.tgz",
      "integrity": "sha512-fhUl5EwSJbbl8AR+uYL2KQDxLkdSjZGR36xy46AO7cOMTrCMON6Sa28FmAnC2tRTDbd/Uuzz3aJBv7EBN7JH8A==",
      "dev": true,
      "funding": [
        {
          "type": "individual",
          "url": "https://github.com/sponsors/RubenVerborgh"
        }
      ],
      "peer": true,
      "engines": {
        "node": ">=4.0"
      },
      "peerDependenciesMeta": {
        "debug": {
          "optional": true
        }
      }
    },
    "node_modules/get-random-values": {
      "version": "1.2.2",
      "resolved": "https://registry.npmjs.org/get-random-values/-/get-random-values-1.2.2.tgz",
      "integrity": "sha512-lMyPjQyl0cNNdDf2oR+IQ/fM3itDvpoHy45Ymo2r0L1EjazeSl13SfbKZs7KtZ/3MDCeueiaJiuOEfKqRTsSgA==",
      "dependencies": {
        "global": "^4.4.0"
      },
      "engines": {
        "node": "10 || 12 || >=14"
      }
    },
    "node_modules/global": {
      "version": "4.4.0",
      "resolved": "https://registry.npmjs.org/global/-/global-4.4.0.tgz",
      "integrity": "sha512-wv/LAoHdRE3BeTGz53FAamhGlPLhlssK45usmGFThIi4XqnBmjKQ16u+RNbP7WvigRZDxUsM0J3gcQ5yicaL0w==",
      "dependencies": {
        "min-document": "^2.19.0",
        "process": "^0.11.10"
      }
    },
    "node_modules/isexe": {
      "version": "2.0.0",
      "resolved": "https://registry.npmjs.org/isexe/-/isexe-2.0.0.tgz",
      "integrity": "sha1-6PvzdNxVb/iUehDcsFctYz8s+hA="
    },
    "node_modules/jose": {
      "version": "4.3.7",
      "resolved": "https://registry.npmjs.org/jose/-/jose-4.3.7.tgz",
      "integrity": "sha512-S7Xfsy8nN9Iw/AZxk+ZxEbd5ImIwJPM0TfAo8zI8FF+3lidQ2yiK4dqzsaPKSbZD0woNVSY0KCql6rlKc5V7ug==",
      "funding": {
        "url": "https://github.com/sponsors/panva"
      }
    },
    "node_modules/memory-cache": {
      "version": "0.2.0",
      "resolved": "https://registry.npmjs.org/memory-cache/-/memory-cache-0.2.0.tgz",
      "integrity": "sha1-eJCwHVLADI68nVM+H46xfjA0hxo="
    },
    "node_modules/min-document": {
      "version": "2.19.0",
      "resolved": "https://registry.npmjs.org/min-document/-/min-document-2.19.0.tgz",
      "integrity": "sha1-e9KC4/WELtKVu3SM3Z8f+iyCRoU=",
      "dependencies": {
        "dom-walk": "^0.1.0"
      }
    },
    "node_modules/path-key": {
      "version": "3.1.1",
      "resolved": "https://registry.npmjs.org/path-key/-/path-key-3.1.1.tgz",
      "integrity": "sha512-ojmeN0qd+y0jszEtoY48r0Peq5dwMEkIlCOu6Q5f41lfkswXuKtYrhgoTpLnyIcHm24Uhqx+5Tqm2InSwLhE6Q==",
      "engines": {
        "node": ">=8"
      }
    },
    "node_modules/process": {
      "version": "0.11.10",
      "resolved": "https://registry.npmjs.org/process/-/process-0.11.10.tgz",
      "integrity": "sha1-czIwDoQBYb2j5podHZGn1LwW8YI=",
      "engines": {
        "node": ">= 0.6.0"
      }
    },
    "node_modules/secure-random-bytes": {
      "version": "3.0.1",
      "resolved": "https://registry.npmjs.org/secure-random-bytes/-/secure-random-bytes-3.0.1.tgz",
      "integrity": "sha512-ssbk1VShojCe2rgqdz0ULu6ikrJDNuUfsUaqpSTid2n7xUiRFlatfvSLNN8BVqOdfliJptsoqu5NXbOZWpme4A==",
      "dependencies": {
        "secure-random-octet": "^2.0.0"
      },
      "engines": {
        "node": "12 || 14 || >=16"
      }
    },
    "node_modules/secure-random-octet": {
      "version": "2.0.0",
      "resolved": "https://registry.npmjs.org/secure-random-octet/-/secure-random-octet-2.0.0.tgz",
      "integrity": "sha512-6LuHtdATut7HD0KRehBOTdpRvGoGBTd9eL3ZtA68bpOCP2xOK6ywDncxmqEa4dRXz4skCc42Q/SxPwcwZpZ8kQ==",
      "dependencies": {
        "get-random-values": "^1.2.2"
      },
      "engines": {
        "node": "12 || 14 || >=16"
      }
    },
    "node_modules/shebang-command": {
      "version": "2.0.0",
      "resolved": "https://registry.npmjs.org/shebang-command/-/shebang-command-2.0.0.tgz",
      "integrity": "sha512-kHxr2zZpYtdmrN1qDjrrX/Z1rR1kG8Dx+gkpK1G4eXmvXswmcE1hTWBWYUzlraYw1/yZp6YuDY77YtvbN0dmDA==",
      "dependencies": {
        "shebang-regex": "^3.0.0"
      },
      "engines": {
        "node": ">=8"
      }
    },
    "node_modules/shebang-regex": {
      "version": "3.0.0",
      "resolved": "https://registry.npmjs.org/shebang-regex/-/shebang-regex-3.0.0.tgz",
      "integrity": "sha512-7++dFhtcx3353uBaq8DDR4NuxBetBzC7ZQOhmTQInHEd6bSrXdiEyzCvG07Z44UYdLShWUyXt5M/yhz8ekcb1A==",
      "engines": {
        "node": ">=8"
      }
    },
    "node_modules/typescript": {
      "version": "4.5.2",
      "resolved": "https://registry.npmjs.org/typescript/-/typescript-4.5.2.tgz",
      "integrity": "sha512-5BlMof9H1yGt0P8/WF+wPNw6GfctgGjXp5hkblpyT+8rkASSmkUKMXrxR0Xg8ThVCi/JnHQiKXeBaEwCeQwMFw==",
      "dev": true,
      "bin": {
        "tsc": "bin/tsc",
        "tsserver": "bin/tsserver"
      },
      "engines": {
        "node": ">=4.2.0"
      }
    },
    "node_modules/uuid": {
      "version": "8.3.2",
      "resolved": "https://registry.npmjs.org/uuid/-/uuid-8.3.2.tgz",
      "integrity": "sha512-+NYs2QeMWy+GWFOEm9xnn6HCDp0l7QBD7ml8zLUmJ+93Q5NF0NocErnwkTkXVFNiX3/fpC6afS8Dhb/gz7R7eg==",
      "bin": {
        "uuid": "dist/bin/uuid"
      }
    },
    "node_modules/which": {
      "version": "2.0.2",
      "resolved": "https://registry.npmjs.org/which/-/which-2.0.2.tgz",
      "integrity": "sha512-BLI3Tl1TW3Pvl70l3yq3Y64i+awpwXqsGBYWkkqMtnbXgrMD+yj7rhW0kuEDxzJaYXGjEW5ogapKNMEKNMjibA==",
      "dependencies": {
        "isexe": "^2.0.0"
      },
      "bin": {
        "node-which": "bin/node-which"
      },
      "engines": {
        "node": ">= 8"
      }
    }
  },
  "dependencies": {
    "@asgardeo/auth-js": {
      "version": "1.0.0",
      "resolved": "https://registry.npmjs.org/@asgardeo/auth-js/-/auth-js-1.0.0.tgz",
      "integrity": "sha512-Ebln8G2H2oRJztHY3W4t3pw9hGdxTDsmtVhWJyCN2IlULv+YUG+Q5T3abjj+zfX4ik+Sh3IKsF36+mAKfg/hUQ==",
      "dev": true,
      "requires": {}
    },
    "@types/node": {
      "version": "17.0.3",
      "resolved": "https://registry.npmjs.org/@types/node/-/node-17.0.3.tgz",
      "integrity": "sha512-bAKB1GcA28FR/D8HHQ5U4FYk7nvoZdp7TZSy9oIyQ8gpYCzpeESa3LCK2TbeocXic7GwIXCkCItJg0DttO3ZaQ==",
      "dev": true
    },
    "axios": {
      "version": "0.21.4",
      "resolved": "https://registry.npmjs.org/axios/-/axios-0.21.4.tgz",
      "integrity": "sha512-ut5vewkiu8jjGBdqpM44XxjuCjq9LAKeHVmoVfHVzy8eHgxxq8SbAVQNovDA8mVi05kP0Ea/n/UzcSHcTJQfNg==",
      "dev": true,
      "peer": true,
      "requires": {
        "follow-redirects": "^1.14.0"
      }
    },
    "base64url": {
      "version": "3.0.1",
      "resolved": "https://registry.npmjs.org/base64url/-/base64url-3.0.1.tgz",
      "integrity": "sha512-ir1UPr3dkwexU7FdV8qBBbNDRUhMmIekYMFZfi+C/sLNnRESKPl23nB9b2pltqfOQNnGzsDdId90AEtG5tCx4A=="
    },
    "cross-env": {
      "version": "7.0.3",
      "resolved": "https://registry.npmjs.org/cross-env/-/cross-env-7.0.3.tgz",
      "integrity": "sha512-+/HKd6EgcQCJGh2PSjZuUitQBQynKor4wrFbRg4DtAgS1aWO+gU52xpH7M9ScGgXSYmAVS9bIJ8EzuaGw0oNAw==",
      "requires": {
        "cross-spawn": "^7.0.1"
      }
    },
    "cross-spawn": {
      "version": "7.0.3",
      "resolved": "https://registry.npmjs.org/cross-spawn/-/cross-spawn-7.0.3.tgz",
      "integrity": "sha512-iRDPJKUPVEND7dHPO8rkbOnPpyDygcDFtWjpeWNCgy8WP2rXcxXL8TskReQl6OrB2G7+UJrags1q15Fudc7G6w==",
      "requires": {
        "path-key": "^3.1.0",
        "shebang-command": "^2.0.0",
        "which": "^2.0.1"
      }
    },
    "dom-walk": {
      "version": "0.1.2",
      "resolved": "https://registry.npmjs.org/dom-walk/-/dom-walk-0.1.2.tgz",
      "integrity": "sha512-6QvTW9mrGeIegrFXdtQi9pk7O/nSK6lSdXW2eqUspN5LWD7UTji2Fqw5V2YLjBpHEoU9Xl/eUWNpDeZvoyOv2w=="
    },
    "fast-sha256": {
      "version": "1.3.0",
      "resolved": "https://registry.npmjs.org/fast-sha256/-/fast-sha256-1.3.0.tgz",
      "integrity": "sha512-n11RGP/lrWEFI/bWdygLxhI+pVeo1ZYIVwvvPkW7azl/rOy+F3HYRZ2K5zeE9mmkhQppyv9sQFx0JM9UabnpPQ=="
    },
    "follow-redirects": {
      "version": "1.14.6",
      "resolved": "https://registry.npmjs.org/follow-redirects/-/follow-redirects-1.14.6.tgz",
      "integrity": "sha512-fhUl5EwSJbbl8AR+uYL2KQDxLkdSjZGR36xy46AO7cOMTrCMON6Sa28FmAnC2tRTDbd/Uuzz3aJBv7EBN7JH8A==",
      "dev": true,
      "peer": true
    },
    "get-random-values": {
      "version": "1.2.2",
      "resolved": "https://registry.npmjs.org/get-random-values/-/get-random-values-1.2.2.tgz",
      "integrity": "sha512-lMyPjQyl0cNNdDf2oR+IQ/fM3itDvpoHy45Ymo2r0L1EjazeSl13SfbKZs7KtZ/3MDCeueiaJiuOEfKqRTsSgA==",
      "requires": {
        "global": "^4.4.0"
      }
    },
    "global": {
      "version": "4.4.0",
      "resolved": "https://registry.npmjs.org/global/-/global-4.4.0.tgz",
      "integrity": "sha512-wv/LAoHdRE3BeTGz53FAamhGlPLhlssK45usmGFThIi4XqnBmjKQ16u+RNbP7WvigRZDxUsM0J3gcQ5yicaL0w==",
      "requires": {
        "min-document": "^2.19.0",
        "process": "^0.11.10"
      }
    },
    "isexe": {
      "version": "2.0.0",
      "resolved": "https://registry.npmjs.org/isexe/-/isexe-2.0.0.tgz",
      "integrity": "sha1-6PvzdNxVb/iUehDcsFctYz8s+hA="
    },
    "jose": {
      "version": "4.3.7",
      "resolved": "https://registry.npmjs.org/jose/-/jose-4.3.7.tgz",
      "integrity": "sha512-S7Xfsy8nN9Iw/AZxk+ZxEbd5ImIwJPM0TfAo8zI8FF+3lidQ2yiK4dqzsaPKSbZD0woNVSY0KCql6rlKc5V7ug=="
    },
    "memory-cache": {
      "version": "0.2.0",
      "resolved": "https://registry.npmjs.org/memory-cache/-/memory-cache-0.2.0.tgz",
      "integrity": "sha1-eJCwHVLADI68nVM+H46xfjA0hxo="
    },
    "min-document": {
      "version": "2.19.0",
      "resolved": "https://registry.npmjs.org/min-document/-/min-document-2.19.0.tgz",
      "integrity": "sha1-e9KC4/WELtKVu3SM3Z8f+iyCRoU=",
      "requires": {
        "dom-walk": "^0.1.0"
      }
    },
    "path-key": {
      "version": "3.1.1",
      "resolved": "https://registry.npmjs.org/path-key/-/path-key-3.1.1.tgz",
      "integrity": "sha512-ojmeN0qd+y0jszEtoY48r0Peq5dwMEkIlCOu6Q5f41lfkswXuKtYrhgoTpLnyIcHm24Uhqx+5Tqm2InSwLhE6Q=="
    },
    "process": {
      "version": "0.11.10",
      "resolved": "https://registry.npmjs.org/process/-/process-0.11.10.tgz",
      "integrity": "sha1-czIwDoQBYb2j5podHZGn1LwW8YI="
    },
    "secure-random-bytes": {
      "version": "3.0.1",
      "resolved": "https://registry.npmjs.org/secure-random-bytes/-/secure-random-bytes-3.0.1.tgz",
      "integrity": "sha512-ssbk1VShojCe2rgqdz0ULu6ikrJDNuUfsUaqpSTid2n7xUiRFlatfvSLNN8BVqOdfliJptsoqu5NXbOZWpme4A==",
      "requires": {
        "secure-random-octet": "^2.0.0"
      }
    },
    "secure-random-octet": {
      "version": "2.0.0",
      "resolved": "https://registry.npmjs.org/secure-random-octet/-/secure-random-octet-2.0.0.tgz",
      "integrity": "sha512-6LuHtdATut7HD0KRehBOTdpRvGoGBTd9eL3ZtA68bpOCP2xOK6ywDncxmqEa4dRXz4skCc42Q/SxPwcwZpZ8kQ==",
      "requires": {
        "get-random-values": "^1.2.2"
      }
    },
    "shebang-command": {
      "version": "2.0.0",
      "resolved": "https://registry.npmjs.org/shebang-command/-/shebang-command-2.0.0.tgz",
      "integrity": "sha512-kHxr2zZpYtdmrN1qDjrrX/Z1rR1kG8Dx+gkpK1G4eXmvXswmcE1hTWBWYUzlraYw1/yZp6YuDY77YtvbN0dmDA==",
      "requires": {
        "shebang-regex": "^3.0.0"
      }
    },
    "shebang-regex": {
      "version": "3.0.0",
      "resolved": "https://registry.npmjs.org/shebang-regex/-/shebang-regex-3.0.0.tgz",
      "integrity": "sha512-7++dFhtcx3353uBaq8DDR4NuxBetBzC7ZQOhmTQInHEd6bSrXdiEyzCvG07Z44UYdLShWUyXt5M/yhz8ekcb1A=="
    },
    "typescript": {
      "version": "4.5.2",
      "resolved": "https://registry.npmjs.org/typescript/-/typescript-4.5.2.tgz",
      "integrity": "sha512-5BlMof9H1yGt0P8/WF+wPNw6GfctgGjXp5hkblpyT+8rkASSmkUKMXrxR0Xg8ThVCi/JnHQiKXeBaEwCeQwMFw==",
      "dev": true
    },
    "uuid": {
      "version": "8.3.2",
      "resolved": "https://registry.npmjs.org/uuid/-/uuid-8.3.2.tgz",
      "integrity": "sha512-+NYs2QeMWy+GWFOEm9xnn6HCDp0l7QBD7ml8zLUmJ+93Q5NF0NocErnwkTkXVFNiX3/fpC6afS8Dhb/gz7R7eg=="
    },
    "which": {
      "version": "2.0.2",
      "resolved": "https://registry.npmjs.org/which/-/which-2.0.2.tgz",
      "integrity": "sha512-BLI3Tl1TW3Pvl70l3yq3Y64i+awpwXqsGBYWkkqMtnbXgrMD+yj7rhW0kuEDxzJaYXGjEW5ogapKNMEKNMjibA==",
      "requires": {
        "isexe": "^2.0.0"
      }
    }
  }
}
